
Microsoft Visual Studio Solution File, Format Version 12.00
# Visual Studio Version 17
VisualStudioVersion = 17.0.31912.275
MinimumVisualStudioVersion = 10.0.40219.1
Project("{9A19103F-16F7-4668-BE54-9A1E7A4F7556}") = "Domain", "src\Domain\Domain.csproj", "{25167804-FAC7-462D-8439-E7984487B0D8}"
EndProject
Project("{9A19103F-16F7-4668-BE54-9A1E7A4F7556}") = "Infrastructure", "src\Infrastructure\Infrastructure.csproj", "{8D84006E-A944-43C9-8DAA-DE674F2623CF}"
EndProject
Project("{9A19103F-16F7-4668-BE54-9A1E7A4F7556}") = "WebApp", "src\WebApp\Air.WebApp.csproj", "{F5DAB1BA-74F6-43CF-BAEC-A92B623B37DB}"
EndProject
Project("{2150E333-8FDC-42A3-9474-1A3956D46DE8}") = "tests", "tests", "{E6A757E9-853F-401F-A9C1-234DAA73BE34}"
EndProject
Project("{9A19103F-16F7-4668-BE54-9A1E7A4F7556}") = "DomainTests", "tests\DomainTests\DomainTests.csproj", "{3AC9405D-BBF4-43D5-8F14-0925D9E9923C}"
EndProject
Project("{9A19103F-16F7-4668-BE54-9A1E7A4F7556}") = "IntegrationTests", "tests\IntegrationTests\IntegrationTests.csproj", "{23D6EE83-9DC8-4F4A-8D63-0FF53611B451}"
EndProject
Project("{9A19103F-16F7-4668-BE54-9A1E7A4F7556}") = "WebAppTests", "tests\WebAppTests\WebAppTests.csproj", "{50E1541C-419F-4661-A667-262DC1A3E162}"
EndProject
Project("{9A19103F-16F7-4668-BE54-9A1E7A4F7556}") = "LocalRepository", "src\LocalRepository\LocalRepository.csproj", "{EF0150D8-60A9-4C1C-9033-DD40E16B83E2}"
EndProject
Project("{9A19103F-16F7-4668-BE54-9A1E7A4F7556}") = "LocalRepositoryTests", "tests\LocalRepositoryTests\LocalRepositoryTests.csproj", "{3D0BAFF4-8986-4FB0-A153-33AE202F0593}"
EndProject
Global
	GlobalSection(SolutionConfigurationPlatforms) = preSolution
		Debug|Any CPU = Debug|Any CPU
		Release|Any CPU = Release|Any CPU
	EndGlobalSection
	GlobalSection(ProjectConfigurationPlatforms) = postSolution
		{25167804-FAC7-462D-8439-E7984487B0D8}.Debug|Any CPU.ActiveCfg = Debug|Any CPU
		{25167804-FAC7-462D-8439-E7984487B0D8}.Debug|Any CPU.Build.0 = Debug|Any CPU
		{25167804-FAC7-462D-8439-E7984487B0D8}.Release|Any CPU.ActiveCfg = Release|Any CPU
		{25167804-FAC7-462D-8439-E7984487B0D8}.Release|Any CPU.Build.0 = Release|Any CPU
		{8D84006E-A944-43C9-8DAA-DE674F2623CF}.Debug|Any CPU.ActiveCfg = Debug|Any CPU
		{8D84006E-A944-43C9-8DAA-DE674F2623CF}.Debug|Any CPU.Build.0 = Debug|Any CPU
		{8D84006E-A944-43C9-8DAA-DE674F2623CF}.Release|Any CPU.ActiveCfg = Release|Any CPU
		{8D84006E-A944-43C9-8DAA-DE674F2623CF}.Release|Any CPU.Build.0 = Release|Any CPU
		{F5DAB1BA-74F6-43CF-BAEC-A92B623B37DB}.Debug|Any CPU.ActiveCfg = Debug|Any CPU
		{F5DAB1BA-74F6-43CF-BAEC-A92B623B37DB}.Debug|Any CPU.Build.0 = Debug|Any CPU
		{F5DAB1BA-74F6-43CF-BAEC-A92B623B37DB}.Release|Any CPU.ActiveCfg = Release|Any CPU
		{F5DAB1BA-74F6-43CF-BAEC-A92B623B37DB}.Release|Any CPU.Build.0 = Release|Any CPU
		{3AC9405D-BBF4-43D5-8F14-0925D9E9923C}.Debug|Any CPU.ActiveCfg = Debug|Any CPU
		{3AC9405D-BBF4-43D5-8F14-0925D9E9923C}.Debug|Any CPU.Build.0 = Debug|Any CPU
		{3AC9405D-BBF4-43D5-8F14-0925D9E9923C}.Release|Any CPU.ActiveCfg = Release|Any CPU
		{3AC9405D-BBF4-43D5-8F14-0925D9E9923C}.Release|Any CPU.Build.0 = Release|Any CPU
		{23D6EE83-9DC8-4F4A-8D63-0FF53611B451}.Debug|Any CPU.ActiveCfg = Debug|Any CPU
		{23D6EE83-9DC8-4F4A-8D63-0FF53611B451}.Debug|Any CPU.Build.0 = Debug|Any CPU
		{23D6EE83-9DC8-4F4A-8D63-0FF53611B451}.Release|Any CPU.ActiveCfg = Release|Any CPU
		{23D6EE83-9DC8-4F4A-8D63-0FF53611B451}.Release|Any CPU.Build.0 = Release|Any CPU
		{50E1541C-419F-4661-A667-262DC1A3E162}.Debug|Any CPU.ActiveCfg = Debug|Any CPU
		{50E1541C-419F-4661-A667-262DC1A3E162}.Debug|Any CPU.Build.0 = Debug|Any CPU
		{50E1541C-419F-4661-A667-262DC1A3E162}.Release|Any CPU.ActiveCfg = Release|Any CPU
		{50E1541C-419F-4661-A667-262DC1A3E162}.Release|Any CPU.Build.0 = Release|Any CPU
		{EF0150D8-60A9-4C1C-9033-DD40E16B83E2}.Debug|Any CPU.ActiveCfg = Debug|Any CPU
		{EF0150D8-60A9-4C1C-9033-DD40E16B83E2}.Debug|Any CPU.Build.0 = Debug|Any CPU
		{EF0150D8-60A9-4C1C-9033-DD40E16B83E2}.Release|Any CPU.ActiveCfg = Release|Any CPU
		{EF0150D8-60A9-4C1C-9033-DD40E16B83E2}.Release|Any CPU.Build.0 = Release|Any CPU
		{3D0BAFF4-8986-4FB0-A153-33AE202F0593}.Debug|Any CPU.ActiveCfg = Debug|Any CPU
		{3D0BAFF4-8986-4FB0-A153-33AE202F0593}.Debug|Any CPU.Build.0 = Debug|Any CPU
		{3D0BAFF4-8986-4FB0-A153-33AE202F0593}.Release|Any CPU.ActiveCfg = Release|Any CPU
		{3D0BAFF4-8986-4FB0-A153-33AE202F0593}.Release|Any CPU.Build.0 = Release|Any CPU
	EndGlobalSection
	GlobalSection(SolutionProperties) = preSolution
		HideSolutionNode = FALSE
	EndGlobalSection
	GlobalSection(NestedProjects) = preSolution
		{3AC9405D-BBF4-43D5-8F14-0925D9E9923C} = {E6A757E9-853F-401F-A9C1-234DAA73BE34}
		{23D6EE83-9DC8-4F4A-8D63-0FF53611B451} = {E6A757E9-853F-401F-A9C1-234DAA73BE34}
		{50E1541C-419F-4661-A667-262DC1A3E162} = {E6A757E9-853F-401F-A9C1-234DAA73BE34}
		{3D0BAFF4-8986-4FB0-A153-33AE202F0593} = {E6A757E9-853F-401F-A9C1-234DAA73BE34}
	EndGlobalSection
	GlobalSection(ExtensibilityGlobals) = postSolution
		SolutionGuid = {6FCD1233-3EDF-4948-948B-941287FB6E27}
	EndGlobalSection
EndGlobal
